
Microsoft Visual Studio Solution File, Format Version 12.00
# Visual Studio 15
VisualStudioVersion = 15.0.26124.0
MinimumVisualStudioVersion = 15.0.26124.0
Project("{2150E333-8FDC-42A3-9474-1A3956D46DE8}") = "src", "src", "{C835382E-ED3E-4665-BAC0-69D266804143}"
EndProject
Project("{2150E333-8FDC-42A3-9474-1A3956D46DE8}") = "tests", "tests", "{AFE25E6B-62D5-48A7-B8AE-0A9126B66302}"
EndProject
Project("{9A19103F-16F7-4668-BE54-9A1E7A4F7556}") = "LibraryLekiWebApi", "src\LibraryLekiWebApi\LibraryLekiWebApi.csproj", "{2BC67EAE-DCD5-44A7-96C8-56B8F5D26CD0}"
EndProject
Global
	GlobalSection(SolutionConfigurationPlatforms) = preSolution
		Debug|Any CPU = Debug|Any CPU
		Debug|x64 = Debug|x64
		Debug|x86 = Debug|x86
		Release|Any CPU = Release|Any CPU
		Release|x64 = Release|x64
		Release|x86 = Release|x86
	EndGlobalSection
	GlobalSection(ProjectConfigurationPlatforms) = postSolution
		{2BC67EAE-DCD5-44A7-96C8-56B8F5D26CD0}.Debug|Any CPU.ActiveCfg = Debug|Any CPU
		{2BC67EAE-DCD5-44A7-96C8-56B8F5D26CD0}.Debug|Any CPU.Build.0 = Debug|Any CPU
		{2BC67EAE-DCD5-44A7-96C8-56B8F5D26CD0}.Debug|x64.ActiveCfg = Debug|Any CPU
		{2BC67EAE-DCD5-44A7-96C8-56B8F5D26CD0}.Debug|x64.Build.0 = Debug|Any CPU
		{2BC67EAE-DCD5-44A7-96C8-56B8F5D26CD0}.Debug|x86.ActiveCfg = Debug|Any CPU
		{2BC67EAE-DCD5-44A7-96C8-56B8F5D26CD0}.Debug|x86.Build.0 = Debug|Any CPU
		{2BC67EAE-DCD5-44A7-96C8-56B8F5D26CD0}.Release|Any CPU.ActiveCfg = Release|Any CPU
		{2BC67EAE-DCD5-44A7-96C8-56B8F5D26CD0}.Release|Any CPU.Build.0 = Release|Any CPU
		{2BC67EAE-DCD5-44A7-96C8-56B8F5D26CD0}.Release|x64.ActiveCfg = Release|Any CPU
		{2BC67EAE-DCD5-44A7-96C8-56B8F5D26CD0}.Release|x64.Build.0 = Release|Any CPU
		{2BC67EAE-DCD5-44A7-96C8-56B8F5D26CD0}.Release|x86.ActiveCfg = Release|Any CPU
		{2BC67EAE-DCD5-44A7-96C8-56B8F5D26CD0}.Release|x86.Build.0 = Release|Any CPU
	EndGlobalSection
	GlobalSection(SolutionProperties) = preSolution
		HideSolutionNode = FALSE
	EndGlobalSection
	GlobalSection(NestedProjects) = preSolution
		{2BC67EAE-DCD5-44A7-96C8-56B8F5D26CD0} = {C835382E-ED3E-4665-BAC0-69D266804143}
	EndGlobalSection
	GlobalSection(ExtensibilityGlobals) = postSolution
		SolutionGuid = {92B47863-7B97-44B6-A90F-A958C86D0FAD}
	EndGlobalSection
EndGlobal
